
Microsoft Visual Studio Solution File, Format Version 12.00
# Visual Studio Version 17
VisualStudioVersion = 17.13.35931.197 d17.13
MinimumVisualStudioVersion = 10.0.40219.1
Project("{FAE04EC0-301F-11D3-BF4B-00C04F79EFBC}") = "basic-structure", "basic-structure.csproj", "{B83AE263-4E0F-46ED-8B4B-FA8350731BBE}"
EndProject
Global
	GlobalSection(SolutionConfigurationPlatforms) = preSolution
		Debug|Any CPU = Debug|Any CPU
		Release|Any CPU = Release|Any CPU
	EndGlobalSection
	GlobalSection(ProjectConfigurationPlatforms) = postSolution
		{B83AE263-4E0F-46ED-8B4B-FA8350731BBE}.Debug|Any CPU.ActiveCfg = Debug|Any CPU
		{B83AE263-4E0F-46ED-8B4B-FA8350731BBE}.Debug|Any CPU.Build.0 = Debug|Any CPU
		{B83AE263-4E0F-46ED-8B4B-FA8350731BBE}.Release|Any CPU.ActiveCfg = Release|Any CPU
		{B83AE263-4E0F-46ED-8B4B-FA8350731BBE}.Release|Any CPU.Build.0 = Release|Any CPU
	EndGlobalSection
	GlobalSection(SolutionProperties) = preSolution
		HideSolutionNode = FALSE
	EndGlobalSection
	GlobalSection(ExtensibilityGlobals) = postSolution
		SolutionGuid = {48F4AE20-1AFF-49EC-9225-DB73C5DD2345}
	EndGlobalSection
EndGlobal
